
Microsoft Visual Studio Solution File, Format Version 12.00
# Visual Studio Version 17
VisualStudioVersion = 17.10.35013.160
MinimumVisualStudioVersion = 10.0.40219.1
Project("{FAE04EC0-301F-11D3-BF4B-00C04F79EFBC}") = "OneToOneStudents", "OneToOneStudents\OneToOneStudents.csproj", "{774EE7FA-7F93-4EBB-8CC7-CA1CE22E462D}"
EndProject
Global
	GlobalSection(SolutionConfigurationPlatforms) = preSolution
		Debug|Any CPU = Debug|Any CPU
		Release|Any CPU = Release|Any CPU
	EndGlobalSection
	GlobalSection(ProjectConfigurationPlatforms) = postSolution
		{774EE7FA-7F93-4EBB-8CC7-CA1CE22E462D}.Debug|Any CPU.ActiveCfg = Debug|Any CPU
		{774EE7FA-7F93-4EBB-8CC7-CA1CE22E462D}.Debug|Any CPU.Build.0 = Debug|Any CPU
		{774EE7FA-7F93-4EBB-8CC7-CA1CE22E462D}.Release|Any CPU.ActiveCfg = Release|Any CPU
		{774EE7FA-7F93-4EBB-8CC7-CA1CE22E462D}.Release|Any CPU.Build.0 = Release|Any CPU
	EndGlobalSection
	GlobalSection(SolutionProperties) = preSolution
		HideSolutionNode = FALSE
	EndGlobalSection
	GlobalSection(ExtensibilityGlobals) = postSolution
		SolutionGuid = {BE3FBEE3-614E-447C-AC05-EAC5B97F1418}
	EndGlobalSection
EndGlobal
