
Microsoft Visual Studio Solution File, Format Version 12.00
# Visual Studio Version 17
VisualStudioVersion = 17.10.35013.160
MinimumVisualStudioVersion = 10.0.40219.1
Project("{FAE04EC0-301F-11D3-BF4B-00C04F79EFBC}") = "CombinationBooks", "CombinationBooks\CombinationBooks.csproj", "{582E4CB1-E5F1-4B22-B5FE-18E5E3F822E0}"
EndProject
Global
	GlobalSection(SolutionConfigurationPlatforms) = preSolution
		Debug|Any CPU = Debug|Any CPU
		Release|Any CPU = Release|Any CPU
	EndGlobalSection
	GlobalSection(ProjectConfigurationPlatforms) = postSolution
		{582E4CB1-E5F1-4B22-B5FE-18E5E3F822E0}.Debug|Any CPU.ActiveCfg = Debug|Any CPU
		{582E4CB1-E5F1-4B22-B5FE-18E5E3F822E0}.Debug|Any CPU.Build.0 = Debug|Any CPU
		{582E4CB1-E5F1-4B22-B5FE-18E5E3F822E0}.Release|Any CPU.ActiveCfg = Release|Any CPU
		{582E4CB1-E5F1-4B22-B5FE-18E5E3F822E0}.Release|Any CPU.Build.0 = Release|Any CPU
	EndGlobalSection
	GlobalSection(SolutionProperties) = preSolution
		HideSolutionNode = FALSE
	EndGlobalSection
	GlobalSection(ExtensibilityGlobals) = postSolution
		SolutionGuid = {7E61FA5E-65F5-4E8C-AEF7-2E7E9BF07F0F}
	EndGlobalSection
EndGlobal
